// !$*UTF8*$!
{
	archiveVersion = 1;
	classes = {
	};
	objectVersion = 46;
	objects = {

/* Begin PBXBuildFile section */
		AB4570961CA2C28500B7ADB1 /* connection_handler.c in Sources */ = {isa = PBXBuildFile; fileRef = AB4570941CA2C28500B7ADB1 /* connection_handler.c */; };
		AB45709A1CA2D28E00B7ADB1 /* system_control.c in Sources */ = {isa = PBXBuildFile; fileRef = AB4570981CA2D28E00B7ADB1 /* system_control.c */; };
		AB45709D1CA2D2C500B7ADB1 /* auth.c in Sources */ = {isa = PBXBuildFile; fileRef = AB45709B1CA2D2C500B7ADB1 /* auth.c */; };
		AB461ACD1C9B53140052743E /* main.c in Sources */ = {isa = PBXBuildFile; fileRef = AB461ACC1C9B53140052743E /* main.c */; };
		AB4A91D31CA4877C00237097 /* database.c in Sources */ = {isa = PBXBuildFile; fileRef = AB4A91D11CA4877C00237097 /* database.c */; };
		AB4B97361CA5EF1900A3007E /* process.c in Sources */ = {isa = PBXBuildFile; fileRef = AB4B97341CA5EF1900A3007E /* process.c */; };
		AB4B97391CA5EF3B00A3007E /* user.c in Sources */ = {isa = PBXBuildFile; fileRef = AB4B97371CA5EF3B00A3007E /* user.c */; };
		AB4B973C1CA5EF5100A3007E /* debug.c in Sources */ = {isa = PBXBuildFile; fileRef = AB4B973A1CA5EF5100A3007E /* debug.c */; };
		AB4B973F1CA5EF6D00A3007E /* server.c in Sources */ = {isa = PBXBuildFile; fileRef = AB4B973D1CA5EF6D00A3007E /* server.c */; };
		AB6770471CA1D8720048CA31 /* process_handler.c in Sources */ = {isa = PBXBuildFile; fileRef = AB6770451CA1D8720048CA31 /* process_handler.c */; };
/* End PBXBuildFile section */

/* Begin PBXCopyFilesBuildPhase section */
		AB461AC71C9B53140052743E /* CopyFiles */ = {
			isa = PBXCopyFilesBuildPhase;
			buildActionMask = 2147483647;
			dstPath = /usr/share/man/man1/;
			dstSubfolderSpec = 0;
			files = (
			);
			runOnlyForDeploymentPostprocessing = 1;
		};
/* End PBXCopyFilesBuildPhase section */

/* Begin PBXFileReference section */
		AB4570941CA2C28500B7ADB1 /* connection_handler.c */ = {isa = PBXFileReference; fileEncoding = 4; lastKnownFileType = sourcecode.c.c; path = connection_handler.c; sourceTree = "<group>"; };
		AB4570951CA2C28500B7ADB1 /* connection_handler.h */ = {isa = PBXFileReference; fileEncoding = 4; lastKnownFileType = sourcecode.c.h; path = connection_handler.h; sourceTree = "<group>"; };
		AB4570971CA2C55E00B7ADB1 /* options.h */ = {isa = PBXFileReference; fileEncoding = 4; lastKnownFileType = sourcecode.c.h; path = options.h; sourceTree = "<group>"; };
		AB4570981CA2D28E00B7ADB1 /* system_control.c */ = {isa = PBXFileReference; fileEncoding = 4; lastKnownFileType = sourcecode.c.c; path = system_control.c; sourceTree = "<group>"; };
		AB4570991CA2D28E00B7ADB1 /* system_control.h */ = {isa = PBXFileReference; fileEncoding = 4; lastKnownFileType = sourcecode.c.h; path = system_control.h; sourceTree = "<group>"; };
		AB45709B1CA2D2C500B7ADB1 /* auth.c */ = {isa = PBXFileReference; fileEncoding = 4; lastKnownFileType = sourcecode.c.c; path = auth.c; sourceTree = "<group>"; };
		AB45709C1CA2D2C500B7ADB1 /* auth.h */ = {isa = PBXFileReference; fileEncoding = 4; lastKnownFileType = sourcecode.c.h; path = auth.h; sourceTree = "<group>"; };
		AB461AC91C9B53140052743E /* CSockets */ = {isa = PBXFileReference; explicitFileType = "compiled.mach-o.executable"; includeInIndex = 0; path = CSockets; sourceTree = BUILT_PRODUCTS_DIR; };
		AB461ACC1C9B53140052743E /* main.c */ = {isa = PBXFileReference; lastKnownFileType = sourcecode.c.c; path = main.c; sourceTree = "<group>"; };
		AB4A91D11CA4877C00237097 /* database.c */ = {isa = PBXFileReference; fileEncoding = 4; lastKnownFileType = sourcecode.c.c; path = database.c; sourceTree = "<group>"; };
		AB4A91D21CA4877C00237097 /* database.h */ = {isa = PBXFileReference; fileEncoding = 4; lastKnownFileType = sourcecode.c.h; path = database.h; sourceTree = "<group>"; };
		AB4B97341CA5EF1900A3007E /* process.c */ = {isa = PBXFileReference; fileEncoding = 4; lastKnownFileType = sourcecode.c.c; path = process.c; sourceTree = "<group>"; };
		AB4B97351CA5EF1900A3007E /* process.h */ = {isa = PBXFileReference; fileEncoding = 4; lastKnownFileType = sourcecode.c.h; path = process.h; sourceTree = "<group>"; };
		AB4B97371CA5EF3B00A3007E /* user.c */ = {isa = PBXFileReference; fileEncoding = 4; lastKnownFileType = sourcecode.c.c; path = user.c; sourceTree = "<group>"; };
		AB4B97381CA5EF3B00A3007E /* user.h */ = {isa = PBXFileReference; fileEncoding = 4; lastKnownFileType = sourcecode.c.h; path = user.h; sourceTree = "<group>"; };
		AB4B973A1CA5EF5100A3007E /* debug.c */ = {isa = PBXFileReference; fileEncoding = 4; lastKnownFileType = sourcecode.c.c; path = debug.c; sourceTree = "<group>"; };
		AB4B973B1CA5EF5100A3007E /* debug.h */ = {isa = PBXFileReference; fileEncoding = 4; lastKnownFileType = sourcecode.c.h; path = debug.h; sourceTree = "<group>"; };
		AB4B973D1CA5EF6D00A3007E /* server.c */ = {isa = PBXFileReference; fileEncoding = 4; lastKnownFileType = sourcecode.c.c; path = server.c; sourceTree = "<group>"; };
		AB4B973E1CA5EF6D00A3007E /* server.h */ = {isa = PBXFileReference; fileEncoding = 4; lastKnownFileType = sourcecode.c.h; path = server.h; sourceTree = "<group>"; };
		AB6770451CA1D8720048CA31 /* process_handler.c */ = {isa = PBXFileReference; fileEncoding = 4; lastKnownFileType = sourcecode.c.c; path = process_handler.c; sourceTree = "<group>"; };
		AB6770461CA1D8720048CA31 /* process_handler.h */ = {isa = PBXFileReference; fileEncoding = 4; lastKnownFileType = sourcecode.c.h; path = process_handler.h; sourceTree = "<group>"; };
/* End PBXFileReference section */

/* Begin PBXFrameworksBuildPhase section */
		AB461AC61C9B53140052743E /* Frameworks */ = {
			isa = PBXFrameworksBuildPhase;
			buildActionMask = 2147483647;
			files = (
			);
			runOnlyForDeploymentPostprocessing = 0;
		};
/* End PBXFrameworksBuildPhase section */

/* Begin PBXGroup section */
		AB461AC01C9B53140052743E = {
			isa = PBXGroup;
			children = (
				AB461ACB1C9B53140052743E /* CSockets */,
				AB461ACA1C9B53140052743E /* Products */,
			);
			sourceTree = "<group>";
		};
		AB461ACA1C9B53140052743E /* Products */ = {
			isa = PBXGroup;
			children = (
				AB461AC91C9B53140052743E /* CSockets */,
			);
			name = Products;
			sourceTree = "<group>";
		};
		AB461ACB1C9B53140052743E /* CSockets */ = {
			isa = PBXGroup;
			children = (
				AB4570971CA2C55E00B7ADB1 /* options.h */,
				AB461ACC1C9B53140052743E /* main.c */,
				AB6770451CA1D8720048CA31 /* process_handler.c */,
				AB6770461CA1D8720048CA31 /* process_handler.h */,
				AB4570941CA2C28500B7ADB1 /* connection_handler.c */,
				AB4570951CA2C28500B7ADB1 /* connection_handler.h */,
				AB4570981CA2D28E00B7ADB1 /* system_control.c */,
				AB4570991CA2D28E00B7ADB1 /* system_control.h */,
				AB45709B1CA2D2C500B7ADB1 /* auth.c */,
				AB45709C1CA2D2C500B7ADB1 /* auth.h */,
				AB4A91D11CA4877C00237097 /* database.c */,
				AB4A91D21CA4877C00237097 /* database.h */,
				AB4B97341CA5EF1900A3007E /* process.c */,
				AB4B97351CA5EF1900A3007E /* process.h */,
				AB4B97371CA5EF3B00A3007E /* user.c */,
				AB4B97381CA5EF3B00A3007E /* user.h */,
				AB4B973A1CA5EF5100A3007E /* debug.c */,
				AB4B973B1CA5EF5100A3007E /* debug.h */,
				AB4B973D1CA5EF6D00A3007E /* server.c */,
				AB4B973E1CA5EF6D00A3007E /* server.h */,
			);
			path = CSockets;
			sourceTree = "<group>";
		};
/* End PBXGroup section */

/* Begin PBXNativeTarget section */
		AB461AC81C9B53140052743E /* CSockets */ = {
			isa = PBXNativeTarget;
			buildConfigurationList = AB461AD01C9B53140052743E /* Build configuration list for PBXNativeTarget "CSockets" */;
			buildPhases = (
				AB461AC51C9B53140052743E /* Sources */,
				AB461AC61C9B53140052743E /* Frameworks */,
				AB461AC71C9B53140052743E /* CopyFiles */,
			);
			buildRules = (
			);
			dependencies = (
			);
			name = CSockets;
			productName = CSockets;
			productReference = AB461AC91C9B53140052743E /* CSockets */;
			productType = "com.apple.product-type.tool";
		};
/* End PBXNativeTarget section */

/* Begin PBXProject section */
		AB461AC11C9B53140052743E /* Project object */ = {
			isa = PBXProject;
			attributes = {
				LastUpgradeCheck = 0720;
				ORGANIZATIONNAME = "Oskar Mendel";
				TargetAttributes = {
					AB461AC81C9B53140052743E = {
						CreatedOnToolsVersion = 7.2.1;
					};
				};
			};
			buildConfigurationList = AB461AC41C9B53140052743E /* Build configuration list for PBXProject "CSockets" */;
			compatibilityVersion = "Xcode 3.2";
			developmentRegion = English;
			hasScannedForEncodings = 0;
			knownRegions = (
				en,
			);
			mainGroup = AB461AC01C9B53140052743E;
			productRefGroup = AB461ACA1C9B53140052743E /* Products */;
			projectDirPath = "";
			projectRoot = "";
			targets = (
				AB461AC81C9B53140052743E /* CSockets */,
			);
		};
/* End PBXProject section */

/* Begin PBXSourcesBuildPhase section */
		AB461AC51C9B53140052743E /* Sources */ = {
			isa = PBXSourcesBuildPhase;
			buildActionMask = 2147483647;
			files = (
				AB45709D1CA2D2C500B7ADB1 /* auth.c in Sources */,
				AB4570961CA2C28500B7ADB1 /* connection_handler.c in Sources */,
				AB4A91D31CA4877C00237097 /* database.c in Sources */,
				AB4B973C1CA5EF5100A3007E /* debug.c in Sources */,
				AB6770471CA1D8720048CA31 /* process_handler.c in Sources */,
				AB45709A1CA2D28E00B7ADB1 /* system_control.c in Sources */,
				AB4B97361CA5EF1900A3007E /* process.c in Sources */,
				AB4B97391CA5EF3B00A3007E /* user.c in Sources */,
				AB4B973F1CA5EF6D00A3007E /* server.c in Sources */,
				AB461ACD1C9B53140052743E /* main.c in Sources */,
			);
			runOnlyForDeploymentPostprocessing = 0;
		};
/* End PBXSourcesBuildPhase section */

/* Begin XCBuildConfiguration section */
		AB461ACE1C9B53140052743E /* Debug */ = {
			isa = XCBuildConfiguration;
			buildSettings = {
				ALWAYS_SEARCH_USER_PATHS = NO;
				CLANG_CXX_LANGUAGE_STANDARD = "gnu++0x";
				CLANG_CXX_LIBRARY = "libc++";
				CLANG_ENABLE_MODULES = YES;
				CLANG_ENABLE_OBJC_ARC = YES;
				CLANG_WARN_BOOL_CONVERSION = YES;
				CLANG_WARN_CONSTANT_CONVERSION = YES;
				CLANG_WARN_DIRECT_OBJC_ISA_USAGE = YES_ERROR;
				CLANG_WARN_EMPTY_BODY = YES;
				CLANG_WARN_ENUM_CONVERSION = YES;
				CLANG_WARN_INT_CONVERSION = YES;
				CLANG_WARN_OBJC_ROOT_CLASS = YES_ERROR;
				CLANG_WARN_UNREACHABLE_CODE = YES;
				CLANG_WARN__DUPLICATE_METHOD_MATCH = YES;
				CODE_SIGN_IDENTITY = "-";
				COPY_PHASE_STRIP = NO;
				DEBUG_INFORMATION_FORMAT = dwarf;
				ENABLE_STRICT_OBJC_MSGSEND = YES;
				ENABLE_TESTABILITY = YES;
				GCC_C_LANGUAGE_STANDARD = gnu99;
				GCC_DYNAMIC_NO_PIC = NO;
				GCC_NO_COMMON_BLOCKS = YES;
				GCC_OPTIMIZATION_LEVEL = 0;
				GCC_PREPROCESSOR_DEFINITIONS = (
					"DEBUG=1",
					"$(inherited)",
				);
				GCC_WARN_64_TO_32_BIT_CONVERSION = YES;
				GCC_WARN_ABOUT_RETURN_TYPE = YES_ERROR;
				GCC_WARN_UNDECLARED_SELECTOR = YES;
				GCC_WARN_UNINITIALIZED_AUTOS = YES_AGGRESSIVE;
				GCC_WARN_UNUSED_FUNCTION = YES;
				GCC_WARN_UNUSED_VARIABLE = YES;
				MACOSX_DEPLOYMENT_TARGET = 10.11;
				MTL_ENABLE_DEBUG_INFO = YES;
				ONLY_ACTIVE_ARCH = YES;
				SDKROOT = macosx;
			};
			name = Debug;
		};
		AB461ACF1C9B53140052743E /* Release */ = {
			isa = XCBuildConfiguration;
			buildSettings = {
				ALWAYS_SEARCH_USER_PATHS = NO;
				CLANG_CXX_LANGUAGE_STANDARD = "gnu++0x";
				CLANG_CXX_LIBRARY = "libc++";
				CLANG_ENABLE_MODULES = YES;
				CLANG_ENABLE_OBJC_ARC = YES;
				CLANG_WARN_BOOL_CONVERSION = YES;
				CLANG_WARN_CONSTANT_CONVERSION = YES;
				CLANG_WARN_DIRECT_OBJC_ISA_USAGE = YES_ERROR;
				CLANG_WARN_EMPTY_BODY = YES;
				CLANG_WARN_ENUM_CONVERSION = YES;
				CLANG_WARN_INT_CONVERSION = YES;
				CLANG_WARN_OBJC_ROOT_CLASS = YES_ERROR;
				CLANG_WARN_UNREACHABLE_CODE = YES;
				CLANG_WARN__DUPLICATE_METHOD_MATCH = YES;
				CODE_SIGN_IDENTITY = "-";
				COPY_PHASE_STRIP = NO;
				DEBUG_INFORMATION_FORMAT = "dwarf-with-dsym";
				ENABLE_NS_ASSERTIONS = NO;
				ENABLE_STRICT_OBJC_MSGSEND = YES;
				GCC_C_LANGUAGE_STANDARD = gnu99;
				GCC_NO_COMMON_BLOCKS = YES;
				GCC_WARN_64_TO_32_BIT_CONVERSION = YES;
				GCC_WARN_ABOUT_RETURN_TYPE = YES_ERROR;
				GCC_WARN_UNDECLARED_SELECTOR = YES;
				GCC_WARN_UNINITIALIZED_AUTOS = YES_AGGRESSIVE;
				GCC_WARN_UNUSED_FUNCTION = YES;
				GCC_WARN_UNUSED_VARIABLE = YES;
				MACOSX_DEPLOYMENT_TARGET = 10.11;
				MTL_ENABLE_DEBUG_INFO = NO;
				SDKROOT = macosx;
			};
			name = Release;
		};
		AB461AD11C9B53140052743E /* Debug */ = {
			isa = XCBuildConfiguration;
			buildSettings = {
				PRODUCT_NAME = "$(TARGET_NAME)";
			};
			name = Debug;
		};
		AB461AD21C9B53140052743E /* Release */ = {
			isa = XCBuildConfiguration;
			buildSettings = {
				PRODUCT_NAME = "$(TARGET_NAME)";
			};
			name = Release;
		};
/* End XCBuildConfiguration section */

/* Begin XCConfigurationList section */
		AB461AC41C9B53140052743E /* Build configuration list for PBXProject "CSockets" */ = {
			isa = XCConfigurationList;
			buildConfigurations = (
				AB461ACE1C9B53140052743E /* Debug */,
				AB461ACF1C9B53140052743E /* Release */,
			);
			defaultConfigurationIsVisible = 0;
			defaultConfigurationName = Release;
		};
		AB461AD01C9B53140052743E /* Build configuration list for PBXNativeTarget "CSockets" */ = {
			isa = XCConfigurationList;
			buildConfigurations = (
				AB461AD11C9B53140052743E /* Debug */,
				AB461AD21C9B53140052743E /* Release */,
			);
			defaultConfigurationIsVisible = 0;
			defaultConfigurationName = Release;
		};
/* End XCConfigurationList section */
	};
	rootObject = AB461AC11C9B53140052743E /* Project object */;
}
